
Microsoft Visual Studio Solution File, Format Version 12.00
# Visual Studio Version 17
VisualStudioVersion = 17.9.34723.18
MinimumVisualStudioVersion = 10.0.40219.1
Project("{9A19103F-16F7-4668-BE54-9A1E7A4F7556}") = "AGSR.WebApi", "AGSR.WebApi\AGSR.WebApi.csproj", "{A5A54DBB-F24B-4F7F-A941-23D557A87562}"
EndProject
Project("{E53339B2-1760-4266-BCC7-CA923CBCF16C}") = "docker-compose", "docker-compose.dcproj", "{BA82423E-39E6-4988-821F-40EAB52D9886}"
EndProject
Project("{9A19103F-16F7-4668-BE54-9A1E7A4F7556}") = "AGSR.Client", "AGSR.Client\AGSR.Client.csproj", "{352858BB-B748-4E96-B480-403BEC612B43}"
EndProject
Project("{FAE04EC0-301F-11D3-BF4B-00C04F79EFBC}") = "AGSR.Patients.ServiceContracts", "AGSR.Patients.ServiceContracts\AGSR.Patients.ServiceContracts.csproj", "{9909FF1D-A0A9-4A6C-B086-CD31E97C2313}"
EndProject
Project("{FAE04EC0-301F-11D3-BF4B-00C04F79EFBC}") = "AGSR.WebApi.Kernel", "AGSR.WebApi.Kernel\AGSR.WebApi.Kernel.csproj", "{5174EFE1-734E-4398-ADB6-2657DB093CA6}"
EndProject
Project("{FAE04EC0-301F-11D3-BF4B-00C04F79EFBC}") = "AGSR.WebApi.Domain", "AGSR.WebApi.Domain\AGSR.WebApi.Domain.csproj", "{A476BED9-1E72-4F3C-8903-1EA3F17A0B8A}"
EndProject
Project("{FAE04EC0-301F-11D3-BF4B-00C04F79EFBC}") = "AGSR.WebApi.Infrustructure", "AGSR.WebApi.Infrustructure\AGSR.WebApi.Infrustructure.csproj", "{B040C1C3-1806-432F-8B5F-37F985B8DF9E}"
EndProject
Global
	GlobalSection(SolutionConfigurationPlatforms) = preSolution
		Debug|Any CPU = Debug|Any CPU
		Release|Any CPU = Release|Any CPU
	EndGlobalSection
	GlobalSection(ProjectConfigurationPlatforms) = postSolution
		{A5A54DBB-F24B-4F7F-A941-23D557A87562}.Debug|Any CPU.ActiveCfg = Debug|Any CPU
		{A5A54DBB-F24B-4F7F-A941-23D557A87562}.Debug|Any CPU.Build.0 = Debug|Any CPU
		{A5A54DBB-F24B-4F7F-A941-23D557A87562}.Release|Any CPU.ActiveCfg = Release|Any CPU
		{A5A54DBB-F24B-4F7F-A941-23D557A87562}.Release|Any CPU.Build.0 = Release|Any CPU
		{BA82423E-39E6-4988-821F-40EAB52D9886}.Debug|Any CPU.ActiveCfg = Debug|Any CPU
		{BA82423E-39E6-4988-821F-40EAB52D9886}.Debug|Any CPU.Build.0 = Debug|Any CPU
		{BA82423E-39E6-4988-821F-40EAB52D9886}.Release|Any CPU.ActiveCfg = Release|Any CPU
		{BA82423E-39E6-4988-821F-40EAB52D9886}.Release|Any CPU.Build.0 = Release|Any CPU
		{352858BB-B748-4E96-B480-403BEC612B43}.Debug|Any CPU.ActiveCfg = Debug|Any CPU
		{352858BB-B748-4E96-B480-403BEC612B43}.Debug|Any CPU.Build.0 = Debug|Any CPU
		{352858BB-B748-4E96-B480-403BEC612B43}.Release|Any CPU.ActiveCfg = Release|Any CPU
		{352858BB-B748-4E96-B480-403BEC612B43}.Release|Any CPU.Build.0 = Release|Any CPU
		{9909FF1D-A0A9-4A6C-B086-CD31E97C2313}.Debug|Any CPU.ActiveCfg = Debug|Any CPU
		{9909FF1D-A0A9-4A6C-B086-CD31E97C2313}.Debug|Any CPU.Build.0 = Debug|Any CPU
		{9909FF1D-A0A9-4A6C-B086-CD31E97C2313}.Release|Any CPU.ActiveCfg = Release|Any CPU
		{9909FF1D-A0A9-4A6C-B086-CD31E97C2313}.Release|Any CPU.Build.0 = Release|Any CPU
		{5174EFE1-734E-4398-ADB6-2657DB093CA6}.Debug|Any CPU.ActiveCfg = Debug|Any CPU
		{5174EFE1-734E-4398-ADB6-2657DB093CA6}.Debug|Any CPU.Build.0 = Debug|Any CPU
		{5174EFE1-734E-4398-ADB6-2657DB093CA6}.Release|Any CPU.ActiveCfg = Release|Any CPU
		{5174EFE1-734E-4398-ADB6-2657DB093CA6}.Release|Any CPU.Build.0 = Release|Any CPU
		{A476BED9-1E72-4F3C-8903-1EA3F17A0B8A}.Debug|Any CPU.ActiveCfg = Debug|Any CPU
		{A476BED9-1E72-4F3C-8903-1EA3F17A0B8A}.Debug|Any CPU.Build.0 = Debug|Any CPU
		{A476BED9-1E72-4F3C-8903-1EA3F17A0B8A}.Release|Any CPU.ActiveCfg = Release|Any CPU
		{A476BED9-1E72-4F3C-8903-1EA3F17A0B8A}.Release|Any CPU.Build.0 = Release|Any CPU
		{B040C1C3-1806-432F-8B5F-37F985B8DF9E}.Debug|Any CPU.ActiveCfg = Debug|Any CPU
		{B040C1C3-1806-432F-8B5F-37F985B8DF9E}.Debug|Any CPU.Build.0 = Debug|Any CPU
		{B040C1C3-1806-432F-8B5F-37F985B8DF9E}.Release|Any CPU.ActiveCfg = Release|Any CPU
		{B040C1C3-1806-432F-8B5F-37F985B8DF9E}.Release|Any CPU.Build.0 = Release|Any CPU
	EndGlobalSection
	GlobalSection(SolutionProperties) = preSolution
		HideSolutionNode = FALSE
	EndGlobalSection
	GlobalSection(ExtensibilityGlobals) = postSolution
		SolutionGuid = {E5F74F7C-9D40-4732-92C0-7D1DCE8BD0C3}
	EndGlobalSection
EndGlobal
